
Microsoft Visual Studio Solution File, Format Version 11.00
# Visual Studio 2010
Project("{FAE04EC0-301F-11D3-BF4B-00C04F79EFBC}") = "Learnwf", "Learnwf\Learnwf\Learnwf.csproj", "{4EA274E3-C548-4593-A7D1-749D38B88FEB}"
EndProject
Project("{96E2B04D-8817-42C6-938A-82C39BA4D311}") = "LearnwfContent", "Learnwf\LearnwfContent\LearnwfContent.contentproj", "{BF1874ED-242C-424F-8A85-E7C495830646}"
EndProject
Global
	GlobalSection(SolutionConfigurationPlatforms) = preSolution
		Debug|x86 = Debug|x86
		Release|x86 = Release|x86
	EndGlobalSection
	GlobalSection(ProjectConfigurationPlatforms) = postSolution
		{4EA274E3-C548-4593-A7D1-749D38B88FEB}.Debug|x86.ActiveCfg = Debug|x86
		{4EA274E3-C548-4593-A7D1-749D38B88FEB}.Debug|x86.Build.0 = Debug|x86
		{4EA274E3-C548-4593-A7D1-749D38B88FEB}.Release|x86.ActiveCfg = Release|x86
		{4EA274E3-C548-4593-A7D1-749D38B88FEB}.Release|x86.Build.0 = Release|x86
		{BF1874ED-242C-424F-8A85-E7C495830646}.Debug|x86.ActiveCfg = Debug|x86
		{BF1874ED-242C-424F-8A85-E7C495830646}.Release|x86.ActiveCfg = Release|x86
	EndGlobalSection
	GlobalSection(SolutionProperties) = preSolution
		HideSolutionNode = FALSE
	EndGlobalSection
EndGlobal
